# This file was autogenerated by Stack.
# You should not edit this file by hand.
# For more information, please see the documentation at:
#   https://docs.haskellstack.org/en/stable/topics/lock_files

packages: []
snapshots:
- completed:
    sha256: 41683c1835db76754f62a1ab655ff0c0f13cf557f86a5f6c9fb002db9f430b48
    size: 746658
    url: https://raw.githubusercontent.com/commercialhaskell/stackage-snapshots/master/nightly/2026/5/6.yaml
  original: nightly-2026-05-06
